<?xml version="1.0" encoding="utf-8"?>
<Project ToolsVersion="4.0" xmlns="http://schemas.microsoft.com/developer/msbuild/2003">
  <ItemGroup>
    <Filter Include="Resource Files">
      <UniqueIdentifier>{67DA6AB6-F800-4c08-8B7A-83BB121AAD01}</UniqueIdentifier>
      <Extensions>rc;ico;cur;bmp;dlg;rc2;rct;bin;rgs;gif;jpg;jpeg;jpe;resx;tiff;tif;png;wav;mfcribbon-ms</Extensions>
    </Filter>
    <Filter Include="src">
      <UniqueIdentifier>{4FC737F1-C7A5-4376-A066-2A32D752A2FF}</UniqueIdentifier>
      <Extensions>cpp;c;cc;cxx;def;odl;idl;hpj;bat;asm;asmx</Extensions>
    </Filter>
    <Filter Include="src\Math">
      <UniqueIdentifier>{605d998f-3d51-456b-9512-313fbdbddefd}</UniqueIdentifier>
    </Filter>
    <Filter Include="src\Geometry">
      <UniqueIdentifier>{f7f2173f-ad58-40d1-9849-c7255498c4de}</UniqueIdentifier>
    </Filter>
    <Filter Include="src\Camera">
      <UniqueIdentifier>{4975983b-d1c0-4910-8f15-ca355fe6410b}</UniqueIdentifier>
    </Filter>
    <Filter Include="src\Render">
      <UniqueIdentifier>{731d9b9e-6bd3-4077-85db-acea99074d41}</UniqueIdentifier>
    </Filter>
    <Filter Include="src\Shaders">
      <UniqueIdentifier>{c0e97538-7990-4c2f-8087-6ab7ed1cbdb3}</UniqueIdentifier>
    </Filter>
  </ItemGroup>
  <ItemGroup>
    <ClCompile Include="main.cpp">
      <Filter>src</Filter>
    </ClCompile>
    <ClCompile Include="Geometry.cpp">
      <Filter>src</Filter>
    </ClCompile>
    <ClCompile Include="Driver.cpp">
      <Filter>src</Filter>
    </ClCompile>
    <ClCompile Include="Application.cpp">
      <Filter>src</Filter>
    </ClCompile>
    <ClCompile Include="GeometryManager.cpp">
      <Filter>src</Filter>
    </ClCompile>
    <ClCompile Include="..\src\Math\Quat.cpp">
      <Filter>src\Math</Filter>
    </ClCompile>
    <ClCompile Include="..\src\Math\Plane.cpp">
      <Filter>src\Math</Filter>
    </ClCompile>
    <ClCompile Include="..\src\Math\Ray.cpp">
      <Filter>src\Math</Filter>
    </ClCompile>
    <ClCompile Include="..\src\Math\AABB.cpp">
      <Filter>src\Math</Filter>
    </ClCompile>
    <ClCompile Include="..\src\Math\Matrix.cpp">
      <Filter>src\Math</Filter>
    </ClCompile>
    <ClCompile Include="..\src\Math\Math.cpp">
      <Filter>src\Math</Filter>
    </ClCompile>
    <ClCompile Include="..\src\Camera\Camera.cpp">
      <Filter>src\Camera</Filter>
    </ClCompile>
    <ClCompile Include="..\src\Math\Vector4.cpp">
      <Filter>src\Math</Filter>
    </ClCompile>
    <ClCompile Include="..\src\Render\Renderer.cpp">
      <Filter>src\Render</Filter>
    </ClCompile>
    <ClCompile Include="..\src\Render\SoftwareRenderer.cpp">
      <Filter>src\Render</Filter>
    </ClCompile>
    <ClCompile Include="..\src\Shaders\ShaderSolid.cpp">
      <Filter>src\Shaders</Filter>
    </ClCompile>
    <ClCompile Include="..\src\Math\Matrix3.cpp">
      <Filter>src\Math</Filter>
    </ClCompile>
    <ClCompile Include="..\src\Math\AABB2.cpp">
      <Filter>src\Math</Filter>
    </ClCompile>
    <ClCompile Include="..\src\Geometry\Texture.cpp">
      <Filter>src\Geometry</Filter>
    </ClCompile>
  </ItemGroup>
  <ItemGroup>
    <ClInclude Include="..\src\Math\Quat.h">
      <Filter>src\Math</Filter>
    </ClInclude>
    <ClInclude Include="..\src\Math\AABB.h">
      <Filter>src\Math</Filter>
    </ClInclude>
    <ClInclude Include="..\src\Math\Plane.h">
      <Filter>src\Math</Filter>
    </ClInclude>
    <ClInclude Include="..\src\Math\Ray.h">
      <Filter>src\Math</Filter>
    </ClInclude>
    <ClInclude Include="..\src\Math\Vector2.h">
      <Filter>src\Math</Filter>
    </ClInclude>
    <ClInclude Include="..\src\Math\Vector3.h">
      <Filter>src\Math</Filter>
    </ClInclude>
    <ClInclude Include="Application.h">
      <Filter>src</Filter>
    </ClInclude>
    <ClInclude Include="Driver.h">
      <Filter>src</Filter>
    </ClInclude>
    <ClInclude Include="Geometry.h">
      <Filter>src</Filter>
    </ClInclude>
    <ClInclude Include="GeometryManager.h">
      <Filter>src</Filter>
    </ClInclude>
    <ClInclude Include="..\src\Math\Matrix.h">
      <Filter>src\Math</Filter>
    </ClInclude>
    <ClInclude Include="..\src\Math\Math.h">
      <Filter>src\Math</Filter>
    </ClInclude>
    <ClInclude Include="..\src\Geometry\Vertex.h">
      <Filter>src\Geometry</Filter>
    </ClInclude>
    <ClInclude Include="..\src\Camera\Camera.h">
      <Filter>src\Camera</Filter>
    </ClInclude>
    <ClInclude Include="..\src\Math\Vector4.h">
      <Filter>src\Math</Filter>
    </ClInclude>
    <ClInclude Include="..\src\Geometry\Shader.h">
      <Filter>src\Geometry</Filter>
    </ClInclude>
    <ClInclude Include="..\src\Geometry\Color.h">
      <Filter>src\Geometry</Filter>
    </ClInclude>
    <ClInclude Include="..\src\Render\SoftwareRenderer.h">
      <Filter>src\Render</Filter>
    </ClInclude>
    <ClInclude Include="..\src\Render\Renderer.h">
      <Filter>src\Render</Filter>
    </ClInclude>
    <ClInclude Include="..\src\Shaders\ShaderSolid.h">
      <Filter>src\Shaders</Filter>
    </ClInclude>
    <ClInclude Include="..\src\Math\Matrix3.h">
      <Filter>src\Math</Filter>
    </ClInclude>
    <ClInclude Include="..\src\Math\AABB2.h">
      <Filter>src\Math</Filter>
    </ClInclude>
    <ClInclude Include="..\src\Geometry\Texture.h">
      <Filter>src\Geometry</Filter>
    </ClInclude>
  </ItemGroup>
</Project>